
Microsoft Visual Studio Solution File, Format Version 12.00
# Visual Studio Version 17
VisualStudioVersion = 17.9.34728.123
MinimumVisualStudioVersion = 10.0.40219.1
Project("{FAE04EC0-301F-11D3-BF4B-00C04F79EFBC}") = "LoginSystem", "UserAuthentication\LoginSystem.csproj", "{42E148F9-86EA-4308-A1BB-F5C26F977C14}"
EndProject
Global
	GlobalSection(SolutionConfigurationPlatforms) = preSolution
		Debug|Any CPU = Debug|Any CPU
		Release|Any CPU = Release|Any CPU
	EndGlobalSection
	GlobalSection(ProjectConfigurationPlatforms) = postSolution
		{42E148F9-86EA-4308-A1BB-F5C26F977C14}.Debug|Any CPU.ActiveCfg = Debug|Any CPU
		{42E148F9-86EA-4308-A1BB-F5C26F977C14}.Debug|Any CPU.Build.0 = Debug|Any CPU
		{42E148F9-86EA-4308-A1BB-F5C26F977C14}.Release|Any CPU.ActiveCfg = Release|Any CPU
		{42E148F9-86EA-4308-A1BB-F5C26F977C14}.Release|Any CPU.Build.0 = Release|Any CPU
	EndGlobalSection
	GlobalSection(SolutionProperties) = preSolution
		HideSolutionNode = FALSE
	EndGlobalSection
	GlobalSection(ExtensibilityGlobals) = postSolution
		SolutionGuid = {107BCF21-C876-45BA-B3CC-0646115346AE}
	EndGlobalSection
EndGlobal
